<?xml version="1.0" encoding="utf-8"?>
<Project ToolsVersion="4.0" xmlns="http://schemas.microsoft.com/developer/msbuild/2003">
  <ItemGroup>
    <Filter Include="Header Files">
      <UniqueIdentifier>{93995380-89BD-4b04-88EB-625FBE52EBFB}</UniqueIdentifier>
      <Extensions>h;hh;hpp;hxx;h++;hm;inl;inc;ipp;xsd</Extensions>
    </Filter>
    <Filter Include="Resource Files">
      <UniqueIdentifier>{67DA6AB6-F800-4c08-8B7A-83BB121AAD01}</UniqueIdentifier>
      <Extensions>rc;ico;cur;bmp;dlg;rc2;rct;bin;rgs;gif;jpg;jpeg;jpe;resx;tiff;tif;png;wav;mfcribbon-ms</Extensions>
    </Filter>
    <Filter Include="Game">
      <UniqueIdentifier>{4FC737F1-C7A5-4376-A066-2A32D752A2FF}</UniqueIdentifier>
      <Extensions>cpp;c;cc;cxx;c++;cppm;ixx;def;odl;idl;hpj;bat;asm;asmx</Extensions>
    </Filter>
    <Filter Include="Game\Observers">
      <UniqueIdentifier>{b3cb9ab8-cfc7-4fcc-b456-f2b65e5d926b}</UniqueIdentifier>
    </Filter>
    <Filter Include="Game\Components">
      <UniqueIdentifier>{335290b3-9cc9-48bb-8a4c-8880e524c1fd}</UniqueIdentifier>
    </Filter>
    <Filter Include="Game\Commands">
      <UniqueIdentifier>{7f73832e-26ce-4142-8225-e1b9fa420447}</UniqueIdentifier>
    </Filter>
    <Filter Include="Game\States">
      <UniqueIdentifier>{13d59b8b-2b7e-4a18-b03e-4292fcedbdb7}</UniqueIdentifier>
    </Filter>
    <Filter Include="Game\States\Enemies">
      <UniqueIdentifier>{f70897d2-cd87-45a7-bb16-9afedd72bd02}</UniqueIdentifier>
    </Filter>
  </ItemGroup>
  <ItemGroup>
    <ClCompile Include="BurgerTime.cpp">
      <Filter>Game</Filter>
    </ClCompile>
    <ClCompile Include="Commands.cpp">
      <Filter>Game\Commands</Filter>
    </ClCompile>
    <ClCompile Include="HealthComponent.cpp">
      <Filter>Game\Components</Filter>
    </ClCompile>
    <ClCompile Include="FPSComponent.cpp">
      <Filter>Game\Components</Filter>
    </ClCompile>
    <ClCompile Include="LivesComponent.cpp">
      <Filter>Game\Components</Filter>
    </ClCompile>
    <ClCompile Include="RigidbodyComponent.cpp">
      <Filter>Game\Components</Filter>
    </ClCompile>
    <ClCompile Include="RotateComponent.cpp">
      <Filter>Game\Components</Filter>
    </ClCompile>
    <ClCompile Include="ScoreComponent.cpp">
      <Filter>Game\Components</Filter>
    </ClCompile>
    <ClCompile Include="TextComponent.cpp">
      <Filter>Game\Components</Filter>
    </ClCompile>
    <ClCompile Include="HealthObserver.cpp">
      <Filter>Game\Observers</Filter>
    </ClCompile>
    <ClCompile Include="ScoreObserver.cpp">
      <Filter>Game\Observers</Filter>
    </ClCompile>
    <ClCompile Include="Texture2DComponent.cpp">
      <Filter>Game\Components</Filter>
    </ClCompile>
    <ClCompile Include="EnemyState.cpp">
      <Filter>Game\States\Enemies</Filter>
    </ClCompile>
    <ClCompile Include="PatrolState.cpp">
      <Filter>Game\States\Enemies</Filter>
    </ClCompile>
    <ClCompile Include="ChaseState.cpp">
      <Filter>Game\States\Enemies</Filter>
    </ClCompile>
    <ClCompile Include="VulnerableState.cpp">
      <Filter>Game\States\Enemies</Filter>
    </ClCompile>
    <ClCompile Include="StunnedState.cpp">
      <Filter>Game\States\Enemies</Filter>
    </ClCompile>
    <ClCompile Include="EnemyComponent.cpp">
      <Filter>Game\Components</Filter>
    </ClCompile>
    <ClCompile Include="EnemyObserver.cpp">
      <Filter>Game\Observers</Filter>
    </ClCompile>
  </ItemGroup>
  <ItemGroup>
    <ClInclude Include="Commands.h">
      <Filter>Game\Components</Filter>
    </ClInclude>
    <ClInclude Include="FPSComponent.h">
      <Filter>Game\Components</Filter>
    </ClInclude>
    <ClInclude Include="HealthComponent.h">
      <Filter>Game\Components</Filter>
    </ClInclude>
    <ClInclude Include="LivesComponent.h">
      <Filter>Game\Components</Filter>
    </ClInclude>
    <ClInclude Include="RigidbodyComponent.h">
      <Filter>Game\Components</Filter>
    </ClInclude>
    <ClInclude Include="RotateComponent.h">
      <Filter>Game\Components</Filter>
    </ClInclude>
    <ClInclude Include="ScoreComponent.h">
      <Filter>Game\Components</Filter>
    </ClInclude>
    <ClInclude Include="TextComponent.h">
      <Filter>Game\Components</Filter>
    </ClInclude>
    <ClInclude Include="HealthObserver.h">
      <Filter>Game\Observers</Filter>
    </ClInclude>
    <ClInclude Include="ScoreObserver.h">
      <Filter>Game\Observers</Filter>
    </ClInclude>
    <ClInclude Include="Texture2DComponent.h">
      <Filter>Header Files</Filter>
    </ClInclude>
    <ClInclude Include="EnemyState.h">
      <Filter>Game\States\Enemies</Filter>
    </ClInclude>
    <ClInclude Include="PatrolState.h">
      <Filter>Game\States\Enemies</Filter>
    </ClInclude>
    <ClInclude Include="ChaseState.h">
      <Filter>Game\States\Enemies</Filter>
    </ClInclude>
    <ClInclude Include="VulnerableState.h">
      <Filter>Game\States\Enemies</Filter>
    </ClInclude>
    <ClInclude Include="StunnedState.h">
      <Filter>Game\States\Enemies</Filter>
    </ClInclude>
    <ClInclude Include="EnemyComponent.h">
      <Filter>Game\Components</Filter>
    </ClInclude>
    <ClInclude Include="EnemyObserver.h">
      <Filter>Game\Observers</Filter>
    </ClInclude>
  </ItemGroup>
  <ItemGroup>
    <None Include="imgui.ini" />
    <None Include="packages.config" />
  </ItemGroup>
</Project>