<?xml version="1.0" encoding="utf-8"?>
<Project ToolsVersion="4.0" xmlns="http://schemas.microsoft.com/developer/msbuild/2003">
  <ItemGroup>
    <Filter Include="Game">
      <UniqueIdentifier>{4FC737F1-C7A5-4376-A066-2A32D752A2FF}</UniqueIdentifier>
      <Extensions>cpp;c;cc;cxx;c++;cppm;ixx;def;odl;idl;hpj;bat;asm;asmx</Extensions>
    </Filter>
    <Filter Include="Game\Observers">
      <UniqueIdentifier>{b3cb9ab8-cfc7-4fcc-b456-f2b65e5d926b}</UniqueIdentifier>
    </Filter>
    <Filter Include="Game\Components">
      <UniqueIdentifier>{335290b3-9cc9-48bb-8a4c-8880e524c1fd}</UniqueIdentifier>
    </Filter>
    <Filter Include="Game\Commands">
      <UniqueIdentifier>{7f73832e-26ce-4142-8225-e1b9fa420447}</UniqueIdentifier>
    </Filter>
    <Filter Include="Game\States">
      <UniqueIdentifier>{13d59b8b-2b7e-4a18-b03e-4292fcedbdb7}</UniqueIdentifier>
    </Filter>
    <Filter Include="Game\States\Enemies">
      <UniqueIdentifier>{f70897d2-cd87-45a7-bb16-9afedd72bd02}</UniqueIdentifier>
    </Filter>
    <Filter Include="Game\States\Player">
      <UniqueIdentifier>{4cbfd44d-041e-40fb-b2e3-f2c1c0eeb209}</UniqueIdentifier>
    </Filter>
    <Filter Include="Game\Components\Map">
      <UniqueIdentifier>{df2ad69f-89a1-4c6f-a982-18f4c68d1a0a}</UniqueIdentifier>
    </Filter>
    <Filter Include="Game\Observers\Map">
      <UniqueIdentifier>{9c2f653e-2fa5-434a-a7cb-28b4908f6bcb}</UniqueIdentifier>
    </Filter>
    <Filter Include="Game\Components\Ingredients">
      <UniqueIdentifier>{c12afa0c-3d29-4929-90c0-7210d7451ff9}</UniqueIdentifier>
    </Filter>
    <Filter Include="Game\Components\Enteties">
      <UniqueIdentifier>{6f1e6ff3-f295-4d15-b7bf-93aef6cb0816}</UniqueIdentifier>
    </Filter>
    <Filter Include="Game\Helper">
      <UniqueIdentifier>{662058df-f213-4ad4-a9a3-075ec46e27c2}</UniqueIdentifier>
    </Filter>
    <Filter Include="Game\States\Ingredient">
      <UniqueIdentifier>{b5dd3cf0-e02c-4780-9f4f-00be532eff0a}</UniqueIdentifier>
    </Filter>
    <Filter Include="Game\Header Files">
      <UniqueIdentifier>{93995380-89BD-4b04-88EB-625FBE52EBFB}</UniqueIdentifier>
      <Extensions>h;hh;hpp;hxx;h++;hm;inl;inc;ipp;xsd</Extensions>
    </Filter>
    <Filter Include="Game\Resource Files">
      <UniqueIdentifier>{67DA6AB6-F800-4c08-8B7A-83BB121AAD01}</UniqueIdentifier>
      <Extensions>rc;ico;cur;bmp;dlg;rc2;rct;bin;rgs;gif;jpg;jpeg;jpe;resx;tiff;tif;png;wav;mfcribbon-ms</Extensions>
    </Filter>
  </ItemGroup>
  <ItemGroup>
    <ClCompile Include="BurgerTime.cpp">
      <Filter>Game</Filter>
    </ClCompile>
    <ClCompile Include="Commands.cpp">
      <Filter>Game\Commands</Filter>
    </ClCompile>
    <ClCompile Include="HealthComponent.cpp">
      <Filter>Game\Components</Filter>
    </ClCompile>
    <ClCompile Include="FPSComponent.cpp">
      <Filter>Game\Components</Filter>
    </ClCompile>
    <ClCompile Include="LivesComponent.cpp">
      <Filter>Game\Components</Filter>
    </ClCompile>
    <ClCompile Include="ScoreComponent.cpp">
      <Filter>Game\Components</Filter>
    </ClCompile>
    <ClCompile Include="HealthObserver.cpp">
      <Filter>Game\Observers</Filter>
    </ClCompile>
    <ClCompile Include="ScoreObserver.cpp">
      <Filter>Game\Observers</Filter>
    </ClCompile>
    <ClCompile Include="EnemyState.cpp">
      <Filter>Game\States\Enemies</Filter>
    </ClCompile>
    <ClCompile Include="ClimbingEnemyState.cpp">
      <Filter>Game\States\Enemies</Filter>
    </ClCompile>
    <ClCompile Include="WalkingEnemyState.cpp">
      <Filter>Game\States\Enemies</Filter>
    </ClCompile>
    <ClCompile Include="StunnedState.cpp">
      <Filter>Game\States\Enemies</Filter>
    </ClCompile>
    <ClCompile Include="EnemyObserver.cpp">
      <Filter>Game\Observers</Filter>
    </ClCompile>
    <ClCompile Include="ShootPepperCommand.cpp">
      <Filter>Game\Commands</Filter>
    </ClCompile>
    <ClCompile Include="DebugPositionCommand.cpp">
      <Filter>Game\Commands</Filter>
    </ClCompile>
    <ClCompile Include="MapComponent.cpp">
      <Filter>Game\Components\Map</Filter>
    </ClCompile>
    <ClCompile Include="MapTileComponent.cpp">
      <Filter>Game\Components\Map</Filter>
    </ClCompile>
    <ClCompile Include="MapWalkerComponent.cpp">
      <Filter>Game\Components\Map</Filter>
    </ClCompile>
    <ClCompile Include="PlayerState.cpp">
      <Filter>Game\States\Player</Filter>
    </ClCompile>
    <ClCompile Include="Climbing.cpp">
      <Filter>Game\States\Player</Filter>
    </ClCompile>
    <ClCompile Include="Walking.cpp">
      <Filter>Game\States\Player</Filter>
    </ClCompile>
    <ClCompile Include="Dying.cpp">
      <Filter>Game\States\Player</Filter>
    </ClCompile>
    <ClCompile Include="PlayerObserver.cpp">
      <Filter>Game\Observers</Filter>
    </ClCompile>
    <ClCompile Include="MapTileWalkerObserver.cpp">
      <Filter>Game\Observers\Map</Filter>
    </ClCompile>
    <ClCompile Include="EnemyComponent.cpp">
      <Filter>Game\Components\Enteties</Filter>
    </ClCompile>
    <ClCompile Include="PlayerComponent.cpp">
      <Filter>Game\Components\Enteties</Filter>
    </ClCompile>
    <ClCompile Include="IngredientComponent.cpp">
      <Filter>Game\Components\Ingredients</Filter>
    </ClCompile>
    <ClCompile Include="IngredientPartComponent.cpp">
      <Filter>Game\Components\Ingredients</Filter>
    </ClCompile>
    <ClCompile Include="IngredientState.cpp">
      <Filter>Game\States\Ingredient</Filter>
    </ClCompile>
    <ClCompile Include="FallingState.cpp">
      <Filter>Game\States\Ingredient</Filter>
    </ClCompile>
    <ClCompile Include="LandedState.cpp">
      <Filter>Game\States\Ingredient</Filter>
    </ClCompile>
    <ClCompile Include="ServedState.cpp">
      <Filter>Game\States\Ingredient</Filter>
    </ClCompile>
    <ClCompile Include="IngredientObserver.cpp">
      <Filter>Game\Observers</Filter>
    </ClCompile>
    <ClCompile Include="IngredientPartObserver.cpp">
      <Filter>Game\Observers</Filter>
    </ClCompile>
    <ClCompile Include="FallingOnPlate.cpp">
      <Filter>Game\States\Ingredient</Filter>
    </ClCompile>
    <ClCompile Include="PepperComponent.cpp">
      <Filter>Game\Components\Enteties</Filter>
    </ClCompile>
  </ItemGroup>
  <ItemGroup>
    <ClInclude Include="FPSComponent.h">
      <Filter>Game\Components</Filter>
    </ClInclude>
    <ClInclude Include="HealthComponent.h">
      <Filter>Game\Components</Filter>
    </ClInclude>
    <ClInclude Include="LivesComponent.h">
      <Filter>Game\Components</Filter>
    </ClInclude>
    <ClInclude Include="ScoreComponent.h">
      <Filter>Game\Components</Filter>
    </ClInclude>
    <ClInclude Include="HealthObserver.h">
      <Filter>Game\Observers</Filter>
    </ClInclude>
    <ClInclude Include="ScoreObserver.h">
      <Filter>Game\Observers</Filter>
    </ClInclude>
    <ClInclude Include="EnemyState.h">
      <Filter>Game\States\Enemies</Filter>
    </ClInclude>
    <ClInclude Include="ClimbingEnemyState.h">
      <Filter>Game\States\Enemies</Filter>
    </ClInclude>
    <ClInclude Include="WalkingEnemyState.h">
      <Filter>Game\States\Enemies</Filter>
    </ClInclude>
    <ClInclude Include="StunnedState.h">
      <Filter>Game\States\Enemies</Filter>
    </ClInclude>
    <ClInclude Include="EnemyObserver.h">
      <Filter>Game\Observers</Filter>
    </ClInclude>
    <ClInclude Include="ShootPepperCommand.h">
      <Filter>Game\Commands</Filter>
    </ClInclude>
    <ClInclude Include="DebugPositionCommand.h">
      <Filter>Game\Commands</Filter>
    </ClInclude>
    <ClInclude Include="Commands.h">
      <Filter>Game\Commands</Filter>
    </ClInclude>
    <ClInclude Include="MapComponent.h">
      <Filter>Game\Components\Map</Filter>
    </ClInclude>
    <ClInclude Include="MapTileComponent.h">
      <Filter>Game\Components\Map</Filter>
    </ClInclude>
    <ClInclude Include="MapWalkerComponent.h">
      <Filter>Game\Components\Map</Filter>
    </ClInclude>
    <ClInclude Include="PlayerState.h">
      <Filter>Game\States\Player</Filter>
    </ClInclude>
    <ClInclude Include="Climbing.h">
      <Filter>Game\States\Player</Filter>
    </ClInclude>
    <ClInclude Include="Walking.h">
      <Filter>Game\States\Player</Filter>
    </ClInclude>
    <ClInclude Include="Dying.h">
      <Filter>Game\States\Player</Filter>
    </ClInclude>
    <ClInclude Include="PlayerObserver.h">
      <Filter>Game\Observers</Filter>
    </ClInclude>
    <ClInclude Include="MapTileWalkerObserver.h">
      <Filter>Game\Observers\Map</Filter>
    </ClInclude>
    <ClInclude Include="EnemyComponent.h">
      <Filter>Game\Components\Enteties</Filter>
    </ClInclude>
    <ClInclude Include="PlayerComponent.h">
      <Filter>Game\Components\Enteties</Filter>
    </ClInclude>
    <ClInclude Include="IngredientComponent.h">
      <Filter>Game\Components\Ingredients</Filter>
    </ClInclude>
    <ClInclude Include="IngredientPartComponent.h">
      <Filter>Game\Components\Ingredients</Filter>
    </ClInclude>
    <ClInclude Include="Prototypes.h">
      <Filter>Game\Helper</Filter>
    </ClInclude>
    <ClInclude Include="IngredientState.h">
      <Filter>Game\States\Ingredient</Filter>
    </ClInclude>
    <ClInclude Include="FallingState.h">
      <Filter>Game\States\Ingredient</Filter>
    </ClInclude>
    <ClInclude Include="LandedState.h">
      <Filter>Game\States\Ingredient</Filter>
    </ClInclude>
    <ClInclude Include="ServedState.h">
      <Filter>Game\States\Ingredient</Filter>
    </ClInclude>
    <ClInclude Include="IngredientObserver.h">
      <Filter>Game\Observers</Filter>
    </ClInclude>
    <ClInclude Include="IngredientPartObserver.h">
      <Filter>Game\Observers</Filter>
    </ClInclude>
    <ClInclude Include="FallingOnPlate.h">
      <Filter>Game\States\Ingredient</Filter>
    </ClInclude>
    <ClInclude Include="PepperComponent.h">
      <Filter>Game\Components\Enteties</Filter>
    </ClInclude>
  </ItemGroup>
  <ItemGroup>
    <None Include="imgui.ini" />
    <None Include="packages.config" />
  </ItemGroup>
</Project>